
Microsoft Visual Studio Solution File, Format Version 12.00
# Visual Studio 15
VisualStudioVersion = 15.0.28307.572
MinimumVisualStudioVersion = 10.0.40219.1
Project("{FAE04EC0-301F-11D3-BF4B-00C04F79EFBC}") = "helloworld", "helloworld\helloworld.csproj", "{0EB78E3E-0719-44E8-8E9E-347407EEE303}"
EndProject
Global
	GlobalSection(SolutionConfigurationPlatforms) = preSolution
		Debug|Any CPU = Debug|Any CPU
		Release|Any CPU = Release|Any CPU
	EndGlobalSection
	GlobalSection(ProjectConfigurationPlatforms) = postSolution
		{0EB78E3E-0719-44E8-8E9E-347407EEE303}.Debug|Any CPU.ActiveCfg = Debug|Any CPU
		{0EB78E3E-0719-44E8-8E9E-347407EEE303}.Debug|Any CPU.Build.0 = Debug|Any CPU
		{0EB78E3E-0719-44E8-8E9E-347407EEE303}.Release|Any CPU.ActiveCfg = Release|Any CPU
		{0EB78E3E-0719-44E8-8E9E-347407EEE303}.Release|Any CPU.Build.0 = Release|Any CPU
	EndGlobalSection
	GlobalSection(SolutionProperties) = preSolution
		HideSolutionNode = FALSE
	EndGlobalSection
	GlobalSection(ExtensibilityGlobals) = postSolution
		SolutionGuid = {8F8FB444-959A-400F-A908-5D27CD236061}
	EndGlobalSection
EndGlobal
